// !$*UTF8*$!
{
	archiveVersion = 1;
	classes = {
	};
	objectVersion = 51;
	objects = {

/* Begin PBXBuildFile section */
		C10CAFD925243B7600ED2FA8 /* AppDelegate.swift in Sources */ = {isa = PBXBuildFile; fileRef = C10CAFD825243B7600ED2FA8 /* AppDelegate.swift */; };
		C10CAFDB25243B7600ED2FA8 /* SceneDelegate.swift in Sources */ = {isa = PBXBuildFile; fileRef = C10CAFDA25243B7600ED2FA8 /* SceneDelegate.swift */; };
		C10CAFDD25243B7600ED2FA8 /* ViewController.swift in Sources */ = {isa = PBXBuildFile; fileRef = C10CAFDC25243B7600ED2FA8 /* ViewController.swift */; };
		C10CAFE225243B7800ED2FA8 /* Assets.xcassets in Resources */ = {isa = PBXBuildFile; fileRef = C10CAFE125243B7800ED2FA8 /* Assets.xcassets */; };
		C10CAFE525243B7800ED2FA8 /* LaunchScreen.storyboard in Resources */ = {isa = PBXBuildFile; fileRef = C10CAFE325243B7800ED2FA8 /* LaunchScreen.storyboard */; };
		C145AD6025244157000EC2C6 /* Session.swift in Sources */ = {isa = PBXBuildFile; fileRef = C145AD5F25244157000EC2C6 /* Session.swift */; };
		C145AD6825266DDC000EC2C6 /* MainView.swift in Sources */ = {isa = PBXBuildFile; fileRef = C145AD6725266DDC000EC2C6 /* MainView.swift */; };
		C145AD6D252671FA000EC2C6 /* NetworkService.swift in Sources */ = {isa = PBXBuildFile; fileRef = C145AD6C252671FA000EC2C6 /* NetworkService.swift */; };
		C145AD7D252676EA000EC2C6 /* User.swift in Sources */ = {isa = PBXBuildFile; fileRef = C145AD7C252676EA000EC2C6 /* User.swift */; };
		C145AD8125267739000EC2C6 /* Group.swift in Sources */ = {isa = PBXBuildFile; fileRef = C145AD8025267739000EC2C6 /* Group.swift */; };
		C145AD85252677B1000EC2C6 /* Photo.swift in Sources */ = {isa = PBXBuildFile; fileRef = C145AD84252677B1000EC2C6 /* Photo.swift */; };
		CD7AA098BDF02B1A579647D1 /* Pods_appvk.framework in Frameworks */ = {isa = PBXBuildFile; fileRef = 3071210C634C4314E45EF957 /* Pods_appvk.framework */; };
/* End PBXBuildFile section */

/* Begin PBXFileReference section */
		3071210C634C4314E45EF957 /* Pods_appvk.framework */ = {isa = PBXFileReference; explicitFileType = wrapper.framework; includeInIndex = 0; path = Pods_appvk.framework; sourceTree = BUILT_PRODUCTS_DIR; };
		36937B209889016FAC2AADA9 /* Pods-appvk.debug.xcconfig */ = {isa = PBXFileReference; includeInIndex = 1; lastKnownFileType = text.xcconfig; name = "Pods-appvk.debug.xcconfig"; path = "Target Support Files/Pods-appvk/Pods-appvk.debug.xcconfig"; sourceTree = "<group>"; };
		88A1B0BBE3176313EF32323F /* Pods-appvk.release.xcconfig */ = {isa = PBXFileReference; includeInIndex = 1; lastKnownFileType = text.xcconfig; name = "Pods-appvk.release.xcconfig"; path = "Target Support Files/Pods-appvk/Pods-appvk.release.xcconfig"; sourceTree = "<group>"; };
		C10CAFD525243B7600ED2FA8 /* appvk.app */ = {isa = PBXFileReference; explicitFileType = wrapper.application; includeInIndex = 0; path = appvk.app; sourceTree = BUILT_PRODUCTS_DIR; };
		C10CAFD825243B7600ED2FA8 /* AppDelegate.swift */ = {isa = PBXFileReference; lastKnownFileType = sourcecode.swift; path = AppDelegate.swift; sourceTree = "<group>"; };
		C10CAFDA25243B7600ED2FA8 /* SceneDelegate.swift */ = {isa = PBXFileReference; lastKnownFileType = sourcecode.swift; path = SceneDelegate.swift; sourceTree = "<group>"; };
		C10CAFDC25243B7600ED2FA8 /* ViewController.swift */ = {isa = PBXFileReference; lastKnownFileType = sourcecode.swift; path = ViewController.swift; sourceTree = "<group>"; };
		C10CAFE125243B7800ED2FA8 /* Assets.xcassets */ = {isa = PBXFileReference; lastKnownFileType = folder.assetcatalog; path = Assets.xcassets; sourceTree = "<group>"; };
		C10CAFE425243B7800ED2FA8 /* Base */ = {isa = PBXFileReference; lastKnownFileType = file.storyboard; name = Base; path = Base.lproj/LaunchScreen.storyboard; sourceTree = "<group>"; };
		C10CAFE625243B7800ED2FA8 /* Info.plist */ = {isa = PBXFileReference; lastKnownFileType = text.plist.xml; path = Info.plist; sourceTree = "<group>"; };
		C145AD5F25244157000EC2C6 /* Session.swift */ = {isa = PBXFileReference; lastKnownFileType = sourcecode.swift; path = Session.swift; sourceTree = "<group>"; };
		C145AD6725266DDC000EC2C6 /* MainView.swift */ = {isa = PBXFileReference; lastKnownFileType = sourcecode.swift; path = MainView.swift; sourceTree = "<group>"; };
		C145AD6C252671FA000EC2C6 /* NetworkService.swift */ = {isa = PBXFileReference; lastKnownFileType = sourcecode.swift; path = NetworkService.swift; sourceTree = "<group>"; };
		C145AD7C252676EA000EC2C6 /* User.swift */ = {isa = PBXFileReference; lastKnownFileType = sourcecode.swift; path = User.swift; sourceTree = "<group>"; };
		C145AD8025267739000EC2C6 /* Group.swift */ = {isa = PBXFileReference; lastKnownFileType = sourcecode.swift; path = Group.swift; sourceTree = "<group>"; };
		C145AD84252677B1000EC2C6 /* Photo.swift */ = {isa = PBXFileReference; lastKnownFileType = sourcecode.swift; path = Photo.swift; sourceTree = "<group>"; };
/* End PBXFileReference section */

/* Begin PBXFrameworksBuildPhase section */
		C10CAFD225243B7600ED2FA8 /* Frameworks */ = {
			isa = PBXFrameworksBuildPhase;
			buildActionMask = 2147483647;
			files = (
				CD7AA098BDF02B1A579647D1 /* Pods_appvk.framework in Frameworks */,
			);
			runOnlyForDeploymentPostprocessing = 0;
		};
/* End PBXFrameworksBuildPhase section */

/* Begin PBXGroup section */
		18E0D2D3A28E8EB27C717E8F /* Frameworks */ = {
			isa = PBXGroup;
			children = (
				3071210C634C4314E45EF957 /* Pods_appvk.framework */,
			);
			name = Frameworks;
			sourceTree = "<group>";
		};
		BA3ACA6A90A8796CD75BAF66 /* Pods */ = {
			isa = PBXGroup;
			children = (
				36937B209889016FAC2AADA9 /* Pods-appvk.debug.xcconfig */,
				88A1B0BBE3176313EF32323F /* Pods-appvk.release.xcconfig */,
			);
			path = Pods;
			sourceTree = "<group>";
		};
		C10CAFCC25243B7600ED2FA8 = {
			isa = PBXGroup;
			children = (
				C10CAFD725243B7600ED2FA8 /* appvk */,
				C10CAFD625243B7600ED2FA8 /* Products */,
				BA3ACA6A90A8796CD75BAF66 /* Pods */,
				18E0D2D3A28E8EB27C717E8F /* Frameworks */,
			);
			sourceTree = "<group>";
		};
		C10CAFD625243B7600ED2FA8 /* Products */ = {
			isa = PBXGroup;
			children = (
				C10CAFD525243B7600ED2FA8 /* appvk.app */,
			);
			name = Products;
			sourceTree = "<group>";
		};
		C10CAFD725243B7600ED2FA8 /* appvk */ = {
			isa = PBXGroup;
			children = (
				C10CAFD825243B7600ED2FA8 /* AppDelegate.swift */,
				C145AD5F25244157000EC2C6 /* Session.swift */,
				C145AD7025267271000EC2C6 /* Model */,
				C10CAFDA25243B7600ED2FA8 /* SceneDelegate.swift */,
				C145AD6C252671FA000EC2C6 /* NetworkService.swift */,
				C10CAFDC25243B7600ED2FA8 /* ViewController.swift */,
				C145AD6725266DDC000EC2C6 /* MainView.swift */,
				C10CAFE125243B7800ED2FA8 /* Assets.xcassets */,
				C10CAFE325243B7800ED2FA8 /* LaunchScreen.storyboard */,
				C10CAFE625243B7800ED2FA8 /* Info.plist */,
			);
			path = appvk;
			sourceTree = "<group>";
		};
		C145AD7025267271000EC2C6 /* Model */ = {
			isa = PBXGroup;
			children = (
				C145AD7C252676EA000EC2C6 /* User.swift */,
				C145AD8025267739000EC2C6 /* Group.swift */,
				C145AD84252677B1000EC2C6 /* Photo.swift */,
			);
			path = Model;
			sourceTree = "<group>";
		};
/* End PBXGroup section */

/* Begin PBXNativeTarget section */
		C10CAFD425243B7600ED2FA8 /* appvk */ = {
			isa = PBXNativeTarget;
			buildConfigurationList = C10CAFE925243B7800ED2FA8 /* Build configuration list for PBXNativeTarget "appvk" */;
			buildPhases = (
				A1EA8DBD035FB6A901D69F2E /* [CP] Check Pods Manifest.lock */,
				C10CAFD125243B7600ED2FA8 /* Sources */,
				C10CAFD225243B7600ED2FA8 /* Frameworks */,
				C10CAFD325243B7600ED2FA8 /* Resources */,
				4648FED04F4DAA9F39551313 /* [CP] Embed Pods Frameworks */,
			);
			buildRules = (
			);
			dependencies = (
			);
			name = appvk;
			productName = appvk;
			productReference = C10CAFD525243B7600ED2FA8 /* appvk.app */;
			productType = "com.apple.product-type.application";
		};
/* End PBXNativeTarget section */

/* Begin PBXProject section */
		C10CAFCD25243B7600ED2FA8 /* Project object */ = {
			isa = PBXProject;
			attributes = {
				LastSwiftUpdateCheck = 1200;
				LastUpgradeCheck = 1200;
				TargetAttributes = {
					C10CAFD425243B7600ED2FA8 = {
						CreatedOnToolsVersion = 12.0.1;
					};
				};
			};
			buildConfigurationList = C10CAFD025243B7600ED2FA8 /* Build configuration list for PBXProject "appvk" */;
			compatibilityVersion = "Xcode 9.3";
			developmentRegion = en;
			hasScannedForEncodings = 0;
			knownRegions = (
				en,
				Base,
			);
			mainGroup = C10CAFCC25243B7600ED2FA8;
			productRefGroup = C10CAFD625243B7600ED2FA8 /* Products */;
			projectDirPath = "";
			projectRoot = "";
			targets = (
				C10CAFD425243B7600ED2FA8 /* appvk */,
			);
		};
/* End PBXProject section */

/* Begin PBXResourcesBuildPhase section */
		C10CAFD325243B7600ED2FA8 /* Resources */ = {
			isa = PBXResourcesBuildPhase;
			buildActionMask = 2147483647;
			files = (
				C10CAFE525243B7800ED2FA8 /* LaunchScreen.storyboard in Resources */,
				C10CAFE225243B7800ED2FA8 /* Assets.xcassets in Resources */,
			);
			runOnlyForDeploymentPostprocessing = 0;
		};
/* End PBXResourcesBuildPhase section */

/* Begin PBXShellScriptBuildPhase section */
		4648FED04F4DAA9F39551313 /* [CP] Embed Pods Frameworks */ = {
			isa = PBXShellScriptBuildPhase;
			buildActionMask = 2147483647;
			files = (
			);
			inputFileListPaths = (
				"${PODS_ROOT}/Target Support Files/Pods-appvk/Pods-appvk-frameworks-${CONFIGURATION}-input-files.xcfilelist",
			);
			name = "[CP] Embed Pods Frameworks";
			outputFileListPaths = (
				"${PODS_ROOT}/Target Support Files/Pods-appvk/Pods-appvk-frameworks-${CONFIGURATION}-output-files.xcfilelist",
			);
			runOnlyForDeploymentPostprocessing = 0;
			shellPath = /bin/sh;
			shellScript = "\"${PODS_ROOT}/Target Support Files/Pods-appvk/Pods-appvk-frameworks.sh\"\n";
			showEnvVarsInLog = 0;
		};
		A1EA8DBD035FB6A901D69F2E /* [CP] Check Pods Manifest.lock */ = {
			isa = PBXShellScriptBuildPhase;
			buildActionMask = 2147483647;
			files = (
			);
			inputFileListPaths = (
			);
			inputPaths = (
				"${PODS_PODFILE_DIR_PATH}/Podfile.lock",
				"${PODS_ROOT}/Manifest.lock",
			);
			name = "[CP] Check Pods Manifest.lock";
			outputFileListPaths = (
			);
			outputPaths = (
				"$(DERIVED_FILE_DIR)/Pods-appvk-checkManifestLockResult.txt",
			);
			runOnlyForDeploymentPostprocessing = 0;
			shellPath = /bin/sh;
			shellScript = "diff \"${PODS_PODFILE_DIR_PATH}/Podfile.lock\" \"${PODS_ROOT}/Manifest.lock\" > /dev/null\nif [ $? != 0 ] ; then\n    # print error to STDERR\n    echo \"error: The sandbox is not in sync with the Podfile.lock. Run 'pod install' or update your CocoaPods installation.\" >&2\n    exit 1\nfi\n# This output is used by Xcode 'outputs' to avoid re-running this script phase.\necho \"SUCCESS\" > \"${SCRIPT_OUTPUT_FILE_0}\"\n";
			showEnvVarsInLog = 0;
		};
/* End PBXShellScriptBuildPhase section */

/* Begin PBXSourcesBuildPhase section */
		C10CAFD125243B7600ED2FA8 /* Sources */ = {
			isa = PBXSourcesBuildPhase;
			buildActionMask = 2147483647;
			files = (
				C145AD6025244157000EC2C6 /* Session.swift in Sources */,
				C10CAFDD25243B7600ED2FA8 /* ViewController.swift in Sources */,
				C10CAFD925243B7600ED2FA8 /* AppDelegate.swift in Sources */,
				C145AD85252677B1000EC2C6 /* Photo.swift in Sources */,
				C145AD6825266DDC000EC2C6 /* MainView.swift in Sources */,
				C145AD8125267739000EC2C6 /* Group.swift in Sources */,
				C145AD6D252671FA000EC2C6 /* NetworkService.swift in Sources */,
				C10CAFDB25243B7600ED2FA8 /* SceneDelegate.swift in Sources */,
				C145AD7D252676EA000EC2C6 /* User.swift in Sources */,
			);
			runOnlyForDeploymentPostprocessing = 0;
		};
/* End PBXSourcesBuildPhase section */

/* Begin PBXVariantGroup section */
		C10CAFE325243B7800ED2FA8 /* LaunchScreen.storyboard */ = {
			isa = PBXVariantGroup;
			children = (
				C10CAFE425243B7800ED2FA8 /* Base */,
			);
			name = LaunchScreen.storyboard;
			sourceTree = "<group>";
		};
/* End PBXVariantGroup section */

/* Begin XCBuildConfiguration section */
		C10CAFE725243B7800ED2FA8 /* Debug */ = {
			isa = XCBuildConfiguration;
			buildSettings = {
				ALWAYS_SEARCH_USER_PATHS = NO;
				CLANG_ANALYZER_NONNULL = YES;
				CLANG_ANALYZER_NUMBER_OBJECT_CONVERSION = YES_AGGRESSIVE;
				CLANG_CXX_LANGUAGE_STANDARD = "gnu++14";
				CLANG_CXX_LIBRARY = "libc++";
				CLANG_ENABLE_MODULES = YES;
				CLANG_ENABLE_OBJC_ARC = YES;
				CLANG_ENABLE_OBJC_WEAK = YES;
				CLANG_WARN_BLOCK_CAPTURE_AUTORELEASING = YES;
				CLANG_WARN_BOOL_CONVERSION = YES;
				CLANG_WARN_COMMA = YES;
				CLANG_WARN_CONSTANT_CONVERSION = YES;
				CLANG_WARN_DEPRECATED_OBJC_IMPLEMENTATIONS = YES;
				CLANG_WARN_DIRECT_OBJC_ISA_USAGE = YES_ERROR;
				CLANG_WARN_DOCUMENTATION_COMMENTS = YES;
				CLANG_WARN_EMPTY_BODY = YES;
				CLANG_WARN_ENUM_CONVERSION = YES;
				CLANG_WARN_INFINITE_RECURSION = YES;
				CLANG_WARN_INT_CONVERSION = YES;
				CLANG_WARN_NON_LITERAL_NULL_CONVERSION = YES;
				CLANG_WARN_OBJC_IMPLICIT_RETAIN_SELF = YES;
				CLANG_WARN_OBJC_LITERAL_CONVERSION = YES;
				CLANG_WARN_OBJC_ROOT_CLASS = YES_ERROR;
				CLANG_WARN_QUOTED_INCLUDE_IN_FRAMEWORK_HEADER = YES;
				CLANG_WARN_RANGE_LOOP_ANALYSIS = YES;
				CLANG_WARN_STRICT_PROTOTYPES = YES;
				CLANG_WARN_SUSPICIOUS_MOVE = YES;
				CLANG_WARN_UNGUARDED_AVAILABILITY = YES_AGGRESSIVE;
				CLANG_WARN_UNREACHABLE_CODE = YES;
				CLANG_WARN__DUPLICATE_METHOD_MATCH = YES;
				COPY_PHASE_STRIP = NO;
				DEBUG_INFORMATION_FORMAT = dwarf;
				ENABLE_STRICT_OBJC_MSGSEND = YES;
				ENABLE_TESTABILITY = YES;
				GCC_C_LANGUAGE_STANDARD = gnu11;
				GCC_DYNAMIC_NO_PIC = NO;
				GCC_NO_COMMON_BLOCKS = YES;
				GCC_OPTIMIZATION_LEVEL = 0;
				GCC_PREPROCESSOR_DEFINITIONS = (
					"DEBUG=1",
					"$(inherited)",
				);
				GCC_WARN_64_TO_32_BIT_CONVERSION = YES;
				GCC_WARN_ABOUT_RETURN_TYPE = YES_ERROR;
				GCC_WARN_UNDECLARED_SELECTOR = YES;
				GCC_WARN_UNINITIALIZED_AUTOS = YES_AGGRESSIVE;
				GCC_WARN_UNUSED_FUNCTION = YES;
				GCC_WARN_UNUSED_VARIABLE = YES;
				IPHONEOS_DEPLOYMENT_TARGET = 14.0;
				MTL_ENABLE_DEBUG_INFO = INCLUDE_SOURCE;
				MTL_FAST_MATH = YES;
				ONLY_ACTIVE_ARCH = YES;
				SDKROOT = iphoneos;
				SWIFT_ACTIVE_COMPILATION_CONDITIONS = DEBUG;
				SWIFT_OPTIMIZATION_LEVEL = "-Onone";
			};
			name = Debug;
		};
		C10CAFE825243B7800ED2FA8 /* Release */ = {
			isa = XCBuildConfiguration;
			buildSettings = {
				ALWAYS_SEARCH_USER_PATHS = NO;
				CLANG_ANALYZER_NONNULL = YES;
				CLANG_ANALYZER_NUMBER_OBJECT_CONVERSION = YES_AGGRESSIVE;
				CLANG_CXX_LANGUAGE_STANDARD = "gnu++14";
				CLANG_CXX_LIBRARY = "libc++";
				CLANG_ENABLE_MODULES = YES;
				CLANG_ENABLE_OBJC_ARC = YES;
				CLANG_ENABLE_OBJC_WEAK = YES;
				CLANG_WARN_BLOCK_CAPTURE_AUTORELEASING = YES;
				CLANG_WARN_BOOL_CONVERSION = YES;
				CLANG_WARN_COMMA = YES;
				CLANG_WARN_CONSTANT_CONVERSION = YES;
				CLANG_WARN_DEPRECATED_OBJC_IMPLEMENTATIONS = YES;
				CLANG_WARN_DIRECT_OBJC_ISA_USAGE = YES_ERROR;
				CLANG_WARN_DOCUMENTATION_COMMENTS = YES;
				CLANG_WARN_EMPTY_BODY = YES;
				CLANG_WARN_ENUM_CONVERSION = YES;
				CLANG_WARN_INFINITE_RECURSION = YES;
				CLANG_WARN_INT_CONVERSION = YES;
				CLANG_WARN_NON_LITERAL_NULL_CONVERSION = YES;
				CLANG_WARN_OBJC_IMPLICIT_RETAIN_SELF = YES;
				CLANG_WARN_OBJC_LITERAL_CONVERSION = YES;
				CLANG_WARN_OBJC_ROOT_CLASS = YES_ERROR;
				CLANG_WARN_QUOTED_INCLUDE_IN_FRAMEWORK_HEADER = YES;
				CLANG_WARN_RANGE_LOOP_ANALYSIS = YES;
				CLANG_WARN_STRICT_PROTOTYPES = YES;
				CLANG_WARN_SUSPICIOUS_MOVE = YES;
				CLANG_WARN_UNGUARDED_AVAILABILITY = YES_AGGRESSIVE;
				CLANG_WARN_UNREACHABLE_CODE = YES;
				CLANG_WARN__DUPLICATE_METHOD_MATCH = YES;
				COPY_PHASE_STRIP = NO;
				DEBUG_INFORMATION_FORMAT = "dwarf-with-dsym";
				ENABLE_NS_ASSERTIONS = NO;
				ENABLE_STRICT_OBJC_MSGSEND = YES;
				GCC_C_LANGUAGE_STANDARD = gnu11;
				GCC_NO_COMMON_BLOCKS = YES;
				GCC_WARN_64_TO_32_BIT_CONVERSION = YES;
				GCC_WARN_ABOUT_RETURN_TYPE = YES_ERROR;
				GCC_WARN_UNDECLARED_SELECTOR = YES;
				GCC_WARN_UNINITIALIZED_AUTOS = YES_AGGRESSIVE;
				GCC_WARN_UNUSED_FUNCTION = YES;
				GCC_WARN_UNUSED_VARIABLE = YES;
				IPHONEOS_DEPLOYMENT_TARGET = 14.0;
				MTL_ENABLE_DEBUG_INFO = NO;
				MTL_FAST_MATH = YES;
				SDKROOT = iphoneos;
				SWIFT_COMPILATION_MODE = wholemodule;
				SWIFT_OPTIMIZATION_LEVEL = "-O";
				VALIDATE_PRODUCT = YES;
			};
			name = Release;
		};
		C10CAFEA25243B7800ED2FA8 /* Debug */ = {
			isa = XCBuildConfiguration;
			baseConfigurationReference = 36937B209889016FAC2AADA9 /* Pods-appvk.debug.xcconfig */;
			buildSettings = {
				ASSETCATALOG_COMPILER_APPICON_NAME = AppIcon;
				ASSETCATALOG_COMPILER_GLOBAL_ACCENT_COLOR_NAME = AccentColor;
				CODE_SIGN_STYLE = Automatic;
				INFOPLIST_FILE = appvk/Info.plist;
				LD_RUNPATH_SEARCH_PATHS = (
					"$(inherited)",
					"@executable_path/Frameworks",
				);
				PRODUCT_BUNDLE_IDENTIFIER = com.geekbrains.appvk;
				PRODUCT_NAME = "$(TARGET_NAME)";
				SWIFT_VERSION = 5.0;
				TARGETED_DEVICE_FAMILY = "1,2";
			};
			name = Debug;
		};
		C10CAFEB25243B7800ED2FA8 /* Release */ = {
			isa = XCBuildConfiguration;
			baseConfigurationReference = 88A1B0BBE3176313EF32323F /* Pods-appvk.release.xcconfig */;
			buildSettings = {
				ASSETCATALOG_COMPILER_APPICON_NAME = AppIcon;
				ASSETCATALOG_COMPILER_GLOBAL_ACCENT_COLOR_NAME = AccentColor;
				CODE_SIGN_STYLE = Automatic;
				INFOPLIST_FILE = appvk/Info.plist;
				LD_RUNPATH_SEARCH_PATHS = (
					"$(inherited)",
					"@executable_path/Frameworks",
				);
				PRODUCT_BUNDLE_IDENTIFIER = com.geekbrains.appvk;
				PRODUCT_NAME = "$(TARGET_NAME)";
				SWIFT_VERSION = 5.0;
				TARGETED_DEVICE_FAMILY = "1,2";
			};
			name = Release;
		};
/* End XCBuildConfiguration section */

/* Begin XCConfigurationList section */
		C10CAFD025243B7600ED2FA8 /* Build configuration list for PBXProject "appvk" */ = {
			isa = XCConfigurationList;
			buildConfigurations = (
				C10CAFE725243B7800ED2FA8 /* Debug */,
				C10CAFE825243B7800ED2FA8 /* Release */,
			);
			defaultConfigurationIsVisible = 0;
			defaultConfigurationName = Release;
		};
		C10CAFE925243B7800ED2FA8 /* Build configuration list for PBXNativeTarget "appvk" */ = {
			isa = XCConfigurationList;
			buildConfigurations = (
				C10CAFEA25243B7800ED2FA8 /* Debug */,
				C10CAFEB25243B7800ED2FA8 /* Release */,
			);
			defaultConfigurationIsVisible = 0;
			defaultConfigurationName = Release;
		};
/* End XCConfigurationList section */
	};
	rootObject = C10CAFCD25243B7600ED2FA8 /* Project object */;
}
